
Microsoft Visual Studio Solution File, Format Version 12.00
# Visual Studio Version 17
VisualStudioVersion = 17.12.35506.116 d17.12
MinimumVisualStudioVersion = 10.0.40219.1
Project("{FAE04EC0-301F-11D3-BF4B-00C04F79EFBC}") = "y9operators", "y9operators\y9operators.csproj", "{15F3B044-0B0B-4C1B-8B73-F9B8A1085D96}"
EndProject
Global
	GlobalSection(SolutionConfigurationPlatforms) = preSolution
		Debug|Any CPU = Debug|Any CPU
		Release|Any CPU = Release|Any CPU
	EndGlobalSection
	GlobalSection(ProjectConfigurationPlatforms) = postSolution
		{15F3B044-0B0B-4C1B-8B73-F9B8A1085D96}.Debug|Any CPU.ActiveCfg = Debug|Any CPU
		{15F3B044-0B0B-4C1B-8B73-F9B8A1085D96}.Debug|Any CPU.Build.0 = Debug|Any CPU
		{15F3B044-0B0B-4C1B-8B73-F9B8A1085D96}.Release|Any CPU.ActiveCfg = Release|Any CPU
		{15F3B044-0B0B-4C1B-8B73-F9B8A1085D96}.Release|Any CPU.Build.0 = Release|Any CPU
	EndGlobalSection
	GlobalSection(SolutionProperties) = preSolution
		HideSolutionNode = FALSE
	EndGlobalSection
EndGlobal
